
Microsoft Visual Studio Solution File, Format Version 12.00
# Visual Studio 15
VisualStudioVersion = 15.0.28307.572
MinimumVisualStudioVersion = 10.0.40219.1
Project("{888888A0-9F3D-457C-B088-3A5042F75D52}") = "addons", "addons.pyproj", "{C0808403-EEAA-4E1A-8B33-48FEB048D186}"
EndProject
Global
	GlobalSection(SolutionConfigurationPlatforms) = preSolution
		Debug|Any CPU = Debug|Any CPU
		Release|Any CPU = Release|Any CPU
	EndGlobalSection
	GlobalSection(ProjectConfigurationPlatforms) = postSolution
		{C0808403-EEAA-4E1A-8B33-48FEB048D186}.Debug|Any CPU.ActiveCfg = Debug|Any CPU
		{C0808403-EEAA-4E1A-8B33-48FEB048D186}.Release|Any CPU.ActiveCfg = Release|Any CPU
	EndGlobalSection
	GlobalSection(SolutionProperties) = preSolution
		HideSolutionNode = FALSE
	EndGlobalSection
	GlobalSection(ExtensibilityGlobals) = postSolution
		SolutionGuid = {9065E0A3-6F0D-4651-A550-A3BA6E682E83}
	EndGlobalSection
EndGlobal
